// !$*UTF8*$!
{
	archiveVersion = 1;
	classes = {
	};
	objectVersion = 56;
	objects = {

/* Begin PBXBuildFile section */
		D5E648532BE9363B00BBC0F3 /* PawPlannerApp.swift in Sources */ = {isa = PBXBuildFile; fileRef = D5E648522BE9363B00BBC0F3 /* PawPlannerApp.swift */; };
		D5E648552BE9363B00BBC0F3 /* ContentView.swift in Sources */ = {isa = PBXBuildFile; fileRef = D5E648542BE9363B00BBC0F3 /* ContentView.swift */; };
		D5E648572BE9363C00BBC0F3 /* Assets.xcassets in Resources */ = {isa = PBXBuildFile; fileRef = D5E648562BE9363C00BBC0F3 /* Assets.xcassets */; };
		D5E6485A2BE9363C00BBC0F3 /* Preview Assets.xcassets in Resources */ = {isa = PBXBuildFile; fileRef = D5E648592BE9363C00BBC0F3 /* Preview Assets.xcassets */; };
		D5E648642BE9363C00BBC0F3 /* PawPlannerTests.swift in Sources */ = {isa = PBXBuildFile; fileRef = D5E648632BE9363C00BBC0F3 /* PawPlannerTests.swift */; };
		D5E6486E2BE9363D00BBC0F3 /* PawPlannerUITests.swift in Sources */ = {isa = PBXBuildFile; fileRef = D5E6486D2BE9363D00BBC0F3 /* PawPlannerUITests.swift */; };
		D5E648702BE9363D00BBC0F3 /* PawPlannerUITestsLaunchTests.swift in Sources */ = {isa = PBXBuildFile; fileRef = D5E6486F2BE9363D00BBC0F3 /* PawPlannerUITestsLaunchTests.swift */; };
		D5E648822BE93B0F00BBC0F3 /* Pawplanner.mlmodel in Sources */ = {isa = PBXBuildFile; fileRef = D5E648812BE93B0F00BBC0F3 /* Pawplanner.mlmodel */; };
/* End PBXBuildFile section */

/* Begin PBXContainerItemProxy section */
		D5E648602BE9363C00BBC0F3 /* PBXContainerItemProxy */ = {
			isa = PBXContainerItemProxy;
			containerPortal = D5E648472BE9363B00BBC0F3 /* Project object */;
			proxyType = 1;
			remoteGlobalIDString = D5E6484E2BE9363B00BBC0F3;
			remoteInfo = PawPlanner;
		};
		D5E6486A2BE9363C00BBC0F3 /* PBXContainerItemProxy */ = {
			isa = PBXContainerItemProxy;
			containerPortal = D5E648472BE9363B00BBC0F3 /* Project object */;
			proxyType = 1;
			remoteGlobalIDString = D5E6484E2BE9363B00BBC0F3;
			remoteInfo = PawPlanner;
		};
/* End PBXContainerItemProxy section */

/* Begin PBXFileReference section */
		D5E6484F2BE9363B00BBC0F3 /* PawPlanner.app */ = {isa = PBXFileReference; explicitFileType = wrapper.application; includeInIndex = 0; path = PawPlanner.app; sourceTree = BUILT_PRODUCTS_DIR; };
		D5E648522BE9363B00BBC0F3 /* PawPlannerApp.swift */ = {isa = PBXFileReference; lastKnownFileType = sourcecode.swift; path = PawPlannerApp.swift; sourceTree = "<group>"; };
		D5E648542BE9363B00BBC0F3 /* ContentView.swift */ = {isa = PBXFileReference; lastKnownFileType = sourcecode.swift; path = ContentView.swift; sourceTree = "<group>"; };
		D5E648562BE9363C00BBC0F3 /* Assets.xcassets */ = {isa = PBXFileReference; lastKnownFileType = folder.assetcatalog; path = Assets.xcassets; sourceTree = "<group>"; };
		D5E648592BE9363C00BBC0F3 /* Preview Assets.xcassets */ = {isa = PBXFileReference; lastKnownFileType = folder.assetcatalog; path = "Preview Assets.xcassets"; sourceTree = "<group>"; };
		D5E6485F2BE9363C00BBC0F3 /* PawPlannerTests.xctest */ = {isa = PBXFileReference; explicitFileType = wrapper.cfbundle; includeInIndex = 0; path = PawPlannerTests.xctest; sourceTree = BUILT_PRODUCTS_DIR; };
		D5E648632BE9363C00BBC0F3 /* PawPlannerTests.swift */ = {isa = PBXFileReference; lastKnownFileType = sourcecode.swift; path = PawPlannerTests.swift; sourceTree = "<group>"; };
		D5E648692BE9363C00BBC0F3 /* PawPlannerUITests.xctest */ = {isa = PBXFileReference; explicitFileType = wrapper.cfbundle; includeInIndex = 0; path = PawPlannerUITests.xctest; sourceTree = BUILT_PRODUCTS_DIR; };
		D5E6486D2BE9363D00BBC0F3 /* PawPlannerUITests.swift */ = {isa = PBXFileReference; lastKnownFileType = sourcecode.swift; path = PawPlannerUITests.swift; sourceTree = "<group>"; };
		D5E6486F2BE9363D00BBC0F3 /* PawPlannerUITestsLaunchTests.swift */ = {isa = PBXFileReference; lastKnownFileType = sourcecode.swift; path = PawPlannerUITestsLaunchTests.swift; sourceTree = "<group>"; };
		D5E648812BE93B0F00BBC0F3 /* Pawplanner.mlmodel */ = {isa = PBXFileReference; lastKnownFileType = file.mlmodel; path = Pawplanner.mlmodel; sourceTree = "<group>"; };
/* End PBXFileReference section */

/* Begin PBXFrameworksBuildPhase section */
		D5E6484C2BE9363B00BBC0F3 /* Frameworks */ = {
			isa = PBXFrameworksBuildPhase;
			buildActionMask = 2147483647;
			files = (
			);
			runOnlyForDeploymentPostprocessing = 0;
		};
		D5E6485C2BE9363C00BBC0F3 /* Frameworks */ = {
			isa = PBXFrameworksBuildPhase;
			buildActionMask = 2147483647;
			files = (
			);
			runOnlyForDeploymentPostprocessing = 0;
		};
		D5E648662BE9363C00BBC0F3 /* Frameworks */ = {
			isa = PBXFrameworksBuildPhase;
			buildActionMask = 2147483647;
			files = (
			);
			runOnlyForDeploymentPostprocessing = 0;
		};
/* End PBXFrameworksBuildPhase section */

/* Begin PBXGroup section */
		D5E648462BE9363B00BBC0F3 = {
			isa = PBXGroup;
			children = (
				D5E648512BE9363B00BBC0F3 /* PawPlanner */,
				D5E648622BE9363C00BBC0F3 /* PawPlannerTests */,
				D5E6486C2BE9363C00BBC0F3 /* PawPlannerUITests */,
				D5E648502BE9363B00BBC0F3 /* Products */,
			);
			sourceTree = "<group>";
		};
		D5E648502BE9363B00BBC0F3 /* Products */ = {
			isa = PBXGroup;
			children = (
				D5E6484F2BE9363B00BBC0F3 /* PawPlanner.app */,
				D5E6485F2BE9363C00BBC0F3 /* PawPlannerTests.xctest */,
				D5E648692BE9363C00BBC0F3 /* PawPlannerUITests.xctest */,
			);
			name = Products;
			sourceTree = "<group>";
		};
		D5E648512BE9363B00BBC0F3 /* PawPlanner */ = {
			isa = PBXGroup;
			children = (
				D5E6487C2BE9364B00BBC0F3 /* ML Model */,
				D5E648522BE9363B00BBC0F3 /* PawPlannerApp.swift */,
				D5E648542BE9363B00BBC0F3 /* ContentView.swift */,
				D5E648562BE9363C00BBC0F3 /* Assets.xcassets */,
				D5E648582BE9363C00BBC0F3 /* Preview Content */,
			);
			path = PawPlanner;
			sourceTree = "<group>";
		};
		D5E648582BE9363C00BBC0F3 /* Preview Content */ = {
			isa = PBXGroup;
			children = (
				D5E648592BE9363C00BBC0F3 /* Preview Assets.xcassets */,
			);
			path = "Preview Content";
			sourceTree = "<group>";
		};
		D5E648622BE9363C00BBC0F3 /* PawPlannerTests */ = {
			isa = PBXGroup;
			children = (
				D5E648632BE9363C00BBC0F3 /* PawPlannerTests.swift */,
			);
			path = PawPlannerTests;
			sourceTree = "<group>";
		};
		D5E6486C2BE9363C00BBC0F3 /* PawPlannerUITests */ = {
			isa = PBXGroup;
			children = (
				D5E6486D2BE9363D00BBC0F3 /* PawPlannerUITests.swift */,
				D5E6486F2BE9363D00BBC0F3 /* PawPlannerUITestsLaunchTests.swift */,
			);
			path = PawPlannerUITests;
			sourceTree = "<group>";
		};
		D5E6487C2BE9364B00BBC0F3 /* ML Model */ = {
			isa = PBXGroup;
			children = (
				D5E648812BE93B0F00BBC0F3 /* Pawplanner.mlmodel */,
			);
			path = "ML Model";
			sourceTree = "<group>";
		};
/* End PBXGroup section */

/* Begin PBXNativeTarget section */
		D5E6484E2BE9363B00BBC0F3 /* PawPlanner */ = {
			isa = PBXNativeTarget;
			buildConfigurationList = D5E648732BE9363D00BBC0F3 /* Build configuration list for PBXNativeTarget "PawPlanner" */;
			buildPhases = (
				D5E6484B2BE9363B00BBC0F3 /* Sources */,
				D5E6484C2BE9363B00BBC0F3 /* Frameworks */,
				D5E6484D2BE9363B00BBC0F3 /* Resources */,
			);
			buildRules = (
			);
			dependencies = (
			);
			name = PawPlanner;
			productName = PawPlanner;
			productReference = D5E6484F2BE9363B00BBC0F3 /* PawPlanner.app */;
			productType = "com.apple.product-type.application";
		};
		D5E6485E2BE9363C00BBC0F3 /* PawPlannerTests */ = {
			isa = PBXNativeTarget;
			buildConfigurationList = D5E648762BE9363D00BBC0F3 /* Build configuration list for PBXNativeTarget "PawPlannerTests" */;
			buildPhases = (
				D5E6485B2BE9363C00BBC0F3 /* Sources */,
				D5E6485C2BE9363C00BBC0F3 /* Frameworks */,
				D5E6485D2BE9363C00BBC0F3 /* Resources */,
			);
			buildRules = (
			);
			dependencies = (
				D5E648612BE9363C00BBC0F3 /* PBXTargetDependency */,
			);
			name = PawPlannerTests;
			productName = PawPlannerTests;
			productReference = D5E6485F2BE9363C00BBC0F3 /* PawPlannerTests.xctest */;
			productType = "com.apple.product-type.bundle.unit-test";
		};
		D5E648682BE9363C00BBC0F3 /* PawPlannerUITests */ = {
			isa = PBXNativeTarget;
			buildConfigurationList = D5E648792BE9363D00BBC0F3 /* Build configuration list for PBXNativeTarget "PawPlannerUITests" */;
			buildPhases = (
				D5E648652BE9363C00BBC0F3 /* Sources */,
				D5E648662BE9363C00BBC0F3 /* Frameworks */,
				D5E648672BE9363C00BBC0F3 /* Resources */,
			);
			buildRules = (
			);
			dependencies = (
				D5E6486B2BE9363C00BBC0F3 /* PBXTargetDependency */,
			);
			name = PawPlannerUITests;
			productName = PawPlannerUITests;
			productReference = D5E648692BE9363C00BBC0F3 /* PawPlannerUITests.xctest */;
			productType = "com.apple.product-type.bundle.ui-testing";
		};
/* End PBXNativeTarget section */

/* Begin PBXProject section */
		D5E648472BE9363B00BBC0F3 /* Project object */ = {
			isa = PBXProject;
			attributes = {
				BuildIndependentTargetsInParallel = 1;
				LastSwiftUpdateCheck = 1530;
				LastUpgradeCheck = 1530;
				TargetAttributes = {
					D5E6484E2BE9363B00BBC0F3 = {
						CreatedOnToolsVersion = 15.3;
					};
					D5E6485E2BE9363C00BBC0F3 = {
						CreatedOnToolsVersion = 15.3;
						TestTargetID = D5E6484E2BE9363B00BBC0F3;
					};
					D5E648682BE9363C00BBC0F3 = {
						CreatedOnToolsVersion = 15.3;
						TestTargetID = D5E6484E2BE9363B00BBC0F3;
					};
				};
			};
			buildConfigurationList = D5E6484A2BE9363B00BBC0F3 /* Build configuration list for PBXProject "PawPlanner" */;
			compatibilityVersion = "Xcode 14.0";
			developmentRegion = en;
			hasScannedForEncodings = 0;
			knownRegions = (
				en,
				Base,
			);
			mainGroup = D5E648462BE9363B00BBC0F3;
			productRefGroup = D5E648502BE9363B00BBC0F3 /* Products */;
			projectDirPath = "";
			projectRoot = "";
			targets = (
				D5E6484E2BE9363B00BBC0F3 /* PawPlanner */,
				D5E6485E2BE9363C00BBC0F3 /* PawPlannerTests */,
				D5E648682BE9363C00BBC0F3 /* PawPlannerUITests */,
			);
		};
/* End PBXProject section */

/* Begin PBXResourcesBuildPhase section */
		D5E6484D2BE9363B00BBC0F3 /* Resources */ = {
			isa = PBXResourcesBuildPhase;
			buildActionMask = 2147483647;
			files = (
				D5E6485A2BE9363C00BBC0F3 /* Preview Assets.xcassets in Resources */,
				D5E648572BE9363C00BBC0F3 /* Assets.xcassets in Resources */,
			);
			runOnlyForDeploymentPostprocessing = 0;
		};
		D5E6485D2BE9363C00BBC0F3 /* Resources */ = {
			isa = PBXResourcesBuildPhase;
			buildActionMask = 2147483647;
			files = (
			);
			runOnlyForDeploymentPostprocessing = 0;
		};
		D5E648672BE9363C00BBC0F3 /* Resources */ = {
			isa = PBXResourcesBuildPhase;
			buildActionMask = 2147483647;
			files = (
			);
			runOnlyForDeploymentPostprocessing = 0;
		};
/* End PBXResourcesBuildPhase section */

/* Begin PBXSourcesBuildPhase section */
		D5E6484B2BE9363B00BBC0F3 /* Sources */ = {
			isa = PBXSourcesBuildPhase;
			buildActionMask = 2147483647;
			files = (
				D5E648822BE93B0F00BBC0F3 /* Pawplanner.mlmodel in Sources */,
				D5E648552BE9363B00BBC0F3 /* ContentView.swift in Sources */,
				D5E648532BE9363B00BBC0F3 /* PawPlannerApp.swift in Sources */,
			);
			runOnlyForDeploymentPostprocessing = 0;
		};
		D5E6485B2BE9363C00BBC0F3 /* Sources */ = {
			isa = PBXSourcesBuildPhase;
			buildActionMask = 2147483647;
			files = (
				D5E648642BE9363C00BBC0F3 /* PawPlannerTests.swift in Sources */,
			);
			runOnlyForDeploymentPostprocessing = 0;
		};
		D5E648652BE9363C00BBC0F3 /* Sources */ = {
			isa = PBXSourcesBuildPhase;
			buildActionMask = 2147483647;
			files = (
				D5E648702BE9363D00BBC0F3 /* PawPlannerUITestsLaunchTests.swift in Sources */,
				D5E6486E2BE9363D00BBC0F3 /* PawPlannerUITests.swift in Sources */,
			);
			runOnlyForDeploymentPostprocessing = 0;
		};
/* End PBXSourcesBuildPhase section */

/* Begin PBXTargetDependency section */
		D5E648612BE9363C00BBC0F3 /* PBXTargetDependency */ = {
			isa = PBXTargetDependency;
			target = D5E6484E2BE9363B00BBC0F3 /* PawPlanner */;
			targetProxy = D5E648602BE9363C00BBC0F3 /* PBXContainerItemProxy */;
		};
		D5E6486B2BE9363C00BBC0F3 /* PBXTargetDependency */ = {
			isa = PBXTargetDependency;
			target = D5E6484E2BE9363B00BBC0F3 /* PawPlanner */;
			targetProxy = D5E6486A2BE9363C00BBC0F3 /* PBXContainerItemProxy */;
		};
/* End PBXTargetDependency section */

/* Begin XCBuildConfiguration section */
		D5E648712BE9363D00BBC0F3 /* Debug */ = {
			isa = XCBuildConfiguration;
			buildSettings = {
				ALWAYS_SEARCH_USER_PATHS = NO;
				ASSETCATALOG_COMPILER_GENERATE_SWIFT_ASSET_SYMBOL_EXTENSIONS = YES;
				CLANG_ANALYZER_NONNULL = YES;
				CLANG_ANALYZER_NUMBER_OBJECT_CONVERSION = YES_AGGRESSIVE;
				CLANG_CXX_LANGUAGE_STANDARD = "gnu++20";
				CLANG_ENABLE_MODULES = YES;
				CLANG_ENABLE_OBJC_ARC = YES;
				CLANG_ENABLE_OBJC_WEAK = YES;
				CLANG_WARN_BLOCK_CAPTURE_AUTORELEASING = YES;
				CLANG_WARN_BOOL_CONVERSION = YES;
				CLANG_WARN_COMMA = YES;
				CLANG_WARN_CONSTANT_CONVERSION = YES;
				CLANG_WARN_DEPRECATED_OBJC_IMPLEMENTATIONS = YES;
				CLANG_WARN_DIRECT_OBJC_ISA_USAGE = YES_ERROR;
				CLANG_WARN_DOCUMENTATION_COMMENTS = YES;
				CLANG_WARN_EMPTY_BODY = YES;
				CLANG_WARN_ENUM_CONVERSION = YES;
				CLANG_WARN_INFINITE_RECURSION = YES;
				CLANG_WARN_INT_CONVERSION = YES;
				CLANG_WARN_NON_LITERAL_NULL_CONVERSION = YES;
				CLANG_WARN_OBJC_IMPLICIT_RETAIN_SELF = YES;
				CLANG_WARN_OBJC_LITERAL_CONVERSION = YES;
				CLANG_WARN_OBJC_ROOT_CLASS = YES_ERROR;
				CLANG_WARN_QUOTED_INCLUDE_IN_FRAMEWORK_HEADER = YES;
				CLANG_WARN_RANGE_LOOP_ANALYSIS = YES;
				CLANG_WARN_STRICT_PROTOTYPES = YES;
				CLANG_WARN_SUSPICIOUS_MOVE = YES;
				CLANG_WARN_UNGUARDED_AVAILABILITY = YES_AGGRESSIVE;
				CLANG_WARN_UNREACHABLE_CODE = YES;
				CLANG_WARN__DUPLICATE_METHOD_MATCH = YES;
				COPY_PHASE_STRIP = NO;
				DEBUG_INFORMATION_FORMAT = dwarf;
				ENABLE_STRICT_OBJC_MSGSEND = YES;
				ENABLE_TESTABILITY = YES;
				ENABLE_USER_SCRIPT_SANDBOXING = YES;
				GCC_C_LANGUAGE_STANDARD = gnu17;
				GCC_DYNAMIC_NO_PIC = NO;
				GCC_NO_COMMON_BLOCKS = YES;
				GCC_OPTIMIZATION_LEVEL = 0;
				GCC_PREPROCESSOR_DEFINITIONS = (
					"DEBUG=1",
					"$(inherited)",
				);
				GCC_WARN_64_TO_32_BIT_CONVERSION = YES;
				GCC_WARN_ABOUT_RETURN_TYPE = YES_ERROR;
				GCC_WARN_UNDECLARED_SELECTOR = YES;
				GCC_WARN_UNINITIALIZED_AUTOS = YES_AGGRESSIVE;
				GCC_WARN_UNUSED_FUNCTION = YES;
				GCC_WARN_UNUSED_VARIABLE = YES;
				IPHONEOS_DEPLOYMENT_TARGET = 17.4;
				LOCALIZATION_PREFERS_STRING_CATALOGS = YES;
				MTL_ENABLE_DEBUG_INFO = INCLUDE_SOURCE;
				MTL_FAST_MATH = YES;
				ONLY_ACTIVE_ARCH = YES;
				SDKROOT = iphoneos;
				SWIFT_ACTIVE_COMPILATION_CONDITIONS = "DEBUG $(inherited)";
				SWIFT_OPTIMIZATION_LEVEL = "-Onone";
			};
			name = Debug;
		};
		D5E648722BE9363D00BBC0F3 /* Release */ = {
			isa = XCBuildConfiguration;
			buildSettings = {
				ALWAYS_SEARCH_USER_PATHS = NO;
				ASSETCATALOG_COMPILER_GENERATE_SWIFT_ASSET_SYMBOL_EXTENSIONS = YES;
				CLANG_ANALYZER_NONNULL = YES;
				CLANG_ANALYZER_NUMBER_OBJECT_CONVERSION = YES_AGGRESSIVE;
				CLANG_CXX_LANGUAGE_STANDARD = "gnu++20";
				CLANG_ENABLE_MODULES = YES;
				CLANG_ENABLE_OBJC_ARC = YES;
				CLANG_ENABLE_OBJC_WEAK = YES;
				CLANG_WARN_BLOCK_CAPTURE_AUTORELEASING = YES;
				CLANG_WARN_BOOL_CONVERSION = YES;
				CLANG_WARN_COMMA = YES;
				CLANG_WARN_CONSTANT_CONVERSION = YES;
				CLANG_WARN_DEPRECATED_OBJC_IMPLEMENTATIONS = YES;
				CLANG_WARN_DIRECT_OBJC_ISA_USAGE = YES_ERROR;
				CLANG_WARN_DOCUMENTATION_COMMENTS = YES;
				CLANG_WARN_EMPTY_BODY = YES;
				CLANG_WARN_ENUM_CONVERSION = YES;
				CLANG_WARN_INFINITE_RECURSION = YES;
				CLANG_WARN_INT_CONVERSION = YES;
				CLANG_WARN_NON_LITERAL_NULL_CONVERSION = YES;
				CLANG_WARN_OBJC_IMPLICIT_RETAIN_SELF = YES;
				CLANG_WARN_OBJC_LITERAL_CONVERSION = YES;
				CLANG_WARN_OBJC_ROOT_CLASS = YES_ERROR;
				CLANG_WARN_QUOTED_INCLUDE_IN_FRAMEWORK_HEADER = YES;
				CLANG_WARN_RANGE_LOOP_ANALYSIS = YES;
				CLANG_WARN_STRICT_PROTOTYPES = YES;
				CLANG_WARN_SUSPICIOUS_MOVE = YES;
				CLANG_WARN_UNGUARDED_AVAILABILITY = YES_AGGRESSIVE;
				CLANG_WARN_UNREACHABLE_CODE = YES;
				CLANG_WARN__DUPLICATE_METHOD_MATCH = YES;
				COPY_PHASE_STRIP = NO;
				DEBUG_INFORMATION_FORMAT = "dwarf-with-dsym";
				ENABLE_NS_ASSERTIONS = NO;
				ENABLE_STRICT_OBJC_MSGSEND = YES;
				ENABLE_USER_SCRIPT_SANDBOXING = YES;
				GCC_C_LANGUAGE_STANDARD = gnu17;
				GCC_NO_COMMON_BLOCKS = YES;
				GCC_WARN_64_TO_32_BIT_CONVERSION = YES;
				GCC_WARN_ABOUT_RETURN_TYPE = YES_ERROR;
				GCC_WARN_UNDECLARED_SELECTOR = YES;
				GCC_WARN_UNINITIALIZED_AUTOS = YES_AGGRESSIVE;
				GCC_WARN_UNUSED_FUNCTION = YES;
				GCC_WARN_UNUSED_VARIABLE = YES;
				IPHONEOS_DEPLOYMENT_TARGET = 17.4;
				LOCALIZATION_PREFERS_STRING_CATALOGS = YES;
				MTL_ENABLE_DEBUG_INFO = NO;
				MTL_FAST_MATH = YES;
				SDKROOT = iphoneos;
				SWIFT_COMPILATION_MODE = wholemodule;
				VALIDATE_PRODUCT = YES;
			};
			name = Release;
		};
		D5E648742BE9363D00BBC0F3 /* Debug */ = {
			isa = XCBuildConfiguration;
			buildSettings = {
				ASSETCATALOG_COMPILER_APPICON_NAME = AppIcon;
				ASSETCATALOG_COMPILER_GLOBAL_ACCENT_COLOR_NAME = AccentColor;
				CODE_SIGN_STYLE = Automatic;
				CURRENT_PROJECT_VERSION = 1;
				DEVELOPMENT_ASSET_PATHS = "\"PawPlanner/Preview Content\"";
				DEVELOPMENT_TEAM = 8GNM624FRA;
				ENABLE_PREVIEWS = YES;
				GENERATE_INFOPLIST_FILE = YES;
				INFOPLIST_KEY_UIApplicationSceneManifest_Generation = YES;
				INFOPLIST_KEY_UIApplicationSupportsIndirectInputEvents = YES;
				INFOPLIST_KEY_UILaunchScreen_Generation = YES;
				INFOPLIST_KEY_UISupportedInterfaceOrientations_iPad = "UIInterfaceOrientationPortrait UIInterfaceOrientationPortraitUpsideDown UIInterfaceOrientationLandscapeLeft UIInterfaceOrientationLandscapeRight";
				INFOPLIST_KEY_UISupportedInterfaceOrientations_iPhone = "UIInterfaceOrientationPortrait UIInterfaceOrientationLandscapeLeft UIInterfaceOrientationLandscapeRight";
				LD_RUNPATH_SEARCH_PATHS = (
					"$(inherited)",
					"@executable_path/Frameworks",
				);
				MARKETING_VERSION = 1.0;
				PRODUCT_BUNDLE_IDENTIFIER = abhiDev.PawPlanner;
				PRODUCT_NAME = "$(TARGET_NAME)";
				SWIFT_EMIT_LOC_STRINGS = YES;
				SWIFT_VERSION = 5.0;
				TARGETED_DEVICE_FAMILY = "1,2";
			};
			name = Debug;
		};
		D5E648752BE9363D00BBC0F3 /* Release */ = {
			isa = XCBuildConfiguration;
			buildSettings = {
				ASSETCATALOG_COMPILER_APPICON_NAME = AppIcon;
				ASSETCATALOG_COMPILER_GLOBAL_ACCENT_COLOR_NAME = AccentColor;
				CODE_SIGN_STYLE = Automatic;
				CURRENT_PROJECT_VERSION = 1;
				DEVELOPMENT_ASSET_PATHS = "\"PawPlanner/Preview Content\"";
				DEVELOPMENT_TEAM = 8GNM624FRA;
				ENABLE_PREVIEWS = YES;
				GENERATE_INFOPLIST_FILE = YES;
				INFOPLIST_KEY_UIApplicationSceneManifest_Generation = YES;
				INFOPLIST_KEY_UIApplicationSupportsIndirectInputEvents = YES;
				INFOPLIST_KEY_UILaunchScreen_Generation = YES;
				INFOPLIST_KEY_UISupportedInterfaceOrientations_iPad = "UIInterfaceOrientationPortrait UIInterfaceOrientationPortraitUpsideDown UIInterfaceOrientationLandscapeLeft UIInterfaceOrientationLandscapeRight";
				INFOPLIST_KEY_UISupportedInterfaceOrientations_iPhone = "UIInterfaceOrientationPortrait UIInterfaceOrientationLandscapeLeft UIInterfaceOrientationLandscapeRight";
				LD_RUNPATH_SEARCH_PATHS = (
					"$(inherited)",
					"@executable_path/Frameworks",
				);
				MARKETING_VERSION = 1.0;
				PRODUCT_BUNDLE_IDENTIFIER = abhiDev.PawPlanner;
				PRODUCT_NAME = "$(TARGET_NAME)";
				SWIFT_EMIT_LOC_STRINGS = YES;
				SWIFT_VERSION = 5.0;
				TARGETED_DEVICE_FAMILY = "1,2";
			};
			name = Release;
		};
		D5E648772BE9363D00BBC0F3 /* Debug */ = {
			isa = XCBuildConfiguration;
			buildSettings = {
				ALWAYS_EMBED_SWIFT_STANDARD_LIBRARIES = YES;
				BUNDLE_LOADER = "$(TEST_HOST)";
				CODE_SIGN_STYLE = Automatic;
				CURRENT_PROJECT_VERSION = 1;
				DEVELOPMENT_TEAM = 8GNM624FRA;
				GENERATE_INFOPLIST_FILE = YES;
				IPHONEOS_DEPLOYMENT_TARGET = 17.4;
				MARKETING_VERSION = 1.0;
				PRODUCT_BUNDLE_IDENTIFIER = abhiDev.PawPlannerTests;
				PRODUCT_NAME = "$(TARGET_NAME)";
				SWIFT_EMIT_LOC_STRINGS = NO;
				SWIFT_VERSION = 5.0;
				TARGETED_DEVICE_FAMILY = "1,2";
				TEST_HOST = "$(BUILT_PRODUCTS_DIR)/PawPlanner.app/$(BUNDLE_EXECUTABLE_FOLDER_PATH)/PawPlanner";
			};
			name = Debug;
		};
		D5E648782BE9363D00BBC0F3 /* Release */ = {
			isa = XCBuildConfiguration;
			buildSettings = {
				ALWAYS_EMBED_SWIFT_STANDARD_LIBRARIES = YES;
				BUNDLE_LOADER = "$(TEST_HOST)";
				CODE_SIGN_STYLE = Automatic;
				CURRENT_PROJECT_VERSION = 1;
				DEVELOPMENT_TEAM = 8GNM624FRA;
				GENERATE_INFOPLIST_FILE = YES;
				IPHONEOS_DEPLOYMENT_TARGET = 17.4;
				MARKETING_VERSION = 1.0;
				PRODUCT_BUNDLE_IDENTIFIER = abhiDev.PawPlannerTests;
				PRODUCT_NAME = "$(TARGET_NAME)";
				SWIFT_EMIT_LOC_STRINGS = NO;
				SWIFT_VERSION = 5.0;
				TARGETED_DEVICE_FAMILY = "1,2";
				TEST_HOST = "$(BUILT_PRODUCTS_DIR)/PawPlanner.app/$(BUNDLE_EXECUTABLE_FOLDER_PATH)/PawPlanner";
			};
			name = Release;
		};
		D5E6487A2BE9363D00BBC0F3 /* Debug */ = {
			isa = XCBuildConfiguration;
			buildSettings = {
				ALWAYS_EMBED_SWIFT_STANDARD_LIBRARIES = YES;
				CODE_SIGN_STYLE = Automatic;
				CURRENT_PROJECT_VERSION = 1;
				DEVELOPMENT_TEAM = 8GNM624FRA;
				GENERATE_INFOPLIST_FILE = YES;
				MARKETING_VERSION = 1.0;
				PRODUCT_BUNDLE_IDENTIFIER = abhiDev.PawPlannerUITests;
				PRODUCT_NAME = "$(TARGET_NAME)";
				SWIFT_EMIT_LOC_STRINGS = NO;
				SWIFT_VERSION = 5.0;
				TARGETED_DEVICE_FAMILY = "1,2";
				TEST_TARGET_NAME = PawPlanner;
			};
			name = Debug;
		};
		D5E6487B2BE9363D00BBC0F3 /* Release */ = {
			isa = XCBuildConfiguration;
			buildSettings = {
				ALWAYS_EMBED_SWIFT_STANDARD_LIBRARIES = YES;
				CODE_SIGN_STYLE = Automatic;
				CURRENT_PROJECT_VERSION = 1;
				DEVELOPMENT_TEAM = 8GNM624FRA;
				GENERATE_INFOPLIST_FILE = YES;
				MARKETING_VERSION = 1.0;
				PRODUCT_BUNDLE_IDENTIFIER = abhiDev.PawPlannerUITests;
				PRODUCT_NAME = "$(TARGET_NAME)";
				SWIFT_EMIT_LOC_STRINGS = NO;
				SWIFT_VERSION = 5.0;
				TARGETED_DEVICE_FAMILY = "1,2";
				TEST_TARGET_NAME = PawPlanner;
			};
			name = Release;
		};
/* End XCBuildConfiguration section */

/* Begin XCConfigurationList section */
		D5E6484A2BE9363B00BBC0F3 /* Build configuration list for PBXProject "PawPlanner" */ = {
			isa = XCConfigurationList;
			buildConfigurations = (
				D5E648712BE9363D00BBC0F3 /* Debug */,
				D5E648722BE9363D00BBC0F3 /* Release */,
			);
			defaultConfigurationIsVisible = 0;
			defaultConfigurationName = Release;
		};
		D5E648732BE9363D00BBC0F3 /* Build configuration list for PBXNativeTarget "PawPlanner" */ = {
			isa = XCConfigurationList;
			buildConfigurations = (
				D5E648742BE9363D00BBC0F3 /* Debug */,
				D5E648752BE9363D00BBC0F3 /* Release */,
			);
			defaultConfigurationIsVisible = 0;
			defaultConfigurationName = Release;
		};
		D5E648762BE9363D00BBC0F3 /* Build configuration list for PBXNativeTarget "PawPlannerTests" */ = {
			isa = XCConfigurationList;
			buildConfigurations = (
				D5E648772BE9363D00BBC0F3 /* Debug */,
				D5E648782BE9363D00BBC0F3 /* Release */,
			);
			defaultConfigurationIsVisible = 0;
			defaultConfigurationName = Release;
		};
		D5E648792BE9363D00BBC0F3 /* Build configuration list for PBXNativeTarget "PawPlannerUITests" */ = {
			isa = XCConfigurationList;
			buildConfigurations = (
				D5E6487A2BE9363D00BBC0F3 /* Debug */,
				D5E6487B2BE9363D00BBC0F3 /* Release */,
			);
			defaultConfigurationIsVisible = 0;
			defaultConfigurationName = Release;
		};
/* End XCConfigurationList section */
	};
	rootObject = D5E648472BE9363B00BBC0F3 /* Project object */;
}
